
Microsoft Visual Studio Solution File, Format Version 12.00
Project("{FAE04EC0-301F-11D3-BF4B-00C04F79EFBC}") = "ArTsTech.AspNetCore.Signalr.Streaming.ServerFramework", "ArTsTech.AspNetCore.Signalr.Streaming.ServerFramework\ArTsTech.AspNetCore.Signalr.Streaming.ServerFramework.csproj", "{D8EEF1A2-6335-469F-9BBC-DE7465EC842E}"
EndProject
Project("{FAE04EC0-301F-11D3-BF4B-00C04F79EFBC}") = "ArTsTech.AspNetCore.Signalr.Streaming.Test", "ArTsTech.AspNetCore.Signalr.Streaming.Test\ArTsTech.AspNetCore.Signalr.Streaming.Test.csproj", "{1372DB55-B257-44A4-99EE-0C096CD20578}"
EndProject
Project("{2150E333-8FDC-42A3-9474-1A3956D46DE8}") = "Solution", "Solution", "{DB5DE6CD-0BB1-4D13-B985-5CDCC5B1C85B}"
	ProjectSection(SolutionItems) = preProject
		.gitignore = .gitignore
	EndProjectSection
EndProject
Project("{FAE04EC0-301F-11D3-BF4B-00C04F79EFBC}") = "ArTsTech.AspNetCore.Signalr.Streaming.Client", "ArTsTech.AspNetCore.Signalr.Streaming.Client\ArTsTech.AspNetCore.Signalr.Streaming.Client.csproj", "{2A946AF7-E607-4462-AB97-B590F868DA81}"
EndProject
Global
	GlobalSection(SolutionConfigurationPlatforms) = preSolution
		Debug|Any CPU = Debug|Any CPU
		Release|Any CPU = Release|Any CPU
	EndGlobalSection
	GlobalSection(ProjectConfigurationPlatforms) = postSolution
		{D8EEF1A2-6335-469F-9BBC-DE7465EC842E}.Debug|Any CPU.ActiveCfg = Debug|Any CPU
		{D8EEF1A2-6335-469F-9BBC-DE7465EC842E}.Debug|Any CPU.Build.0 = Debug|Any CPU
		{D8EEF1A2-6335-469F-9BBC-DE7465EC842E}.Release|Any CPU.ActiveCfg = Release|Any CPU
		{D8EEF1A2-6335-469F-9BBC-DE7465EC842E}.Release|Any CPU.Build.0 = Release|Any CPU
		{1372DB55-B257-44A4-99EE-0C096CD20578}.Debug|Any CPU.ActiveCfg = Debug|Any CPU
		{1372DB55-B257-44A4-99EE-0C096CD20578}.Debug|Any CPU.Build.0 = Debug|Any CPU
		{1372DB55-B257-44A4-99EE-0C096CD20578}.Release|Any CPU.ActiveCfg = Release|Any CPU
		{1372DB55-B257-44A4-99EE-0C096CD20578}.Release|Any CPU.Build.0 = Release|Any CPU
		{2A946AF7-E607-4462-AB97-B590F868DA81}.Debug|Any CPU.ActiveCfg = Debug|Any CPU
		{2A946AF7-E607-4462-AB97-B590F868DA81}.Debug|Any CPU.Build.0 = Debug|Any CPU
		{2A946AF7-E607-4462-AB97-B590F868DA81}.Release|Any CPU.ActiveCfg = Release|Any CPU
		{2A946AF7-E607-4462-AB97-B590F868DA81}.Release|Any CPU.Build.0 = Release|Any CPU
	EndGlobalSection
EndGlobal
